
Microsoft Visual Studio Solution File, Format Version 12.00
# Visual Studio Version 16
VisualStudioVersion = 16.0.31019.35
MinimumVisualStudioVersion = 10.0.40219.1
Project("{FAE04EC0-301F-11D3-BF4B-00C04F79EFBC}") = "Entity FrameWork", "Entity FrameWork.csproj", "{E4D540D7-1DE6-4957-A729-FD0202E671E0}"
EndProject
Global
	GlobalSection(SolutionConfigurationPlatforms) = preSolution
		Debug|Any CPU = Debug|Any CPU
		Release|Any CPU = Release|Any CPU
	EndGlobalSection
	GlobalSection(ProjectConfigurationPlatforms) = postSolution
		{E4D540D7-1DE6-4957-A729-FD0202E671E0}.Debug|Any CPU.ActiveCfg = Debug|Any CPU
		{E4D540D7-1DE6-4957-A729-FD0202E671E0}.Debug|Any CPU.Build.0 = Debug|Any CPU
		{E4D540D7-1DE6-4957-A729-FD0202E671E0}.Release|Any CPU.ActiveCfg = Release|Any CPU
		{E4D540D7-1DE6-4957-A729-FD0202E671E0}.Release|Any CPU.Build.0 = Release|Any CPU
	EndGlobalSection
	GlobalSection(SolutionProperties) = preSolution
		HideSolutionNode = FALSE
	EndGlobalSection
	GlobalSection(ExtensibilityGlobals) = postSolution
		SolutionGuid = {865EFB7B-45A0-408E-8433-ED72D2C74283}
	EndGlobalSection
EndGlobal
