
Microsoft Visual Studio Solution File, Format Version 12.00
# Visual Studio Version 16
VisualStudioVersion = 16.0.31005.135
MinimumVisualStudioVersion = 10.0.40219.1
Project("{FAE04EC0-301F-11D3-BF4B-00C04F79EFBC}") = "Coin Flip Simulation", "Coin Flip Simulation.csproj", "{4099BBE9-E18B-43E5-8F03-35B272DE8FF7}"
EndProject
Global
	GlobalSection(SolutionConfigurationPlatforms) = preSolution
		Debug|Any CPU = Debug|Any CPU
		Release|Any CPU = Release|Any CPU
	EndGlobalSection
	GlobalSection(ProjectConfigurationPlatforms) = postSolution
		{4099BBE9-E18B-43E5-8F03-35B272DE8FF7}.Debug|Any CPU.ActiveCfg = Debug|Any CPU
		{4099BBE9-E18B-43E5-8F03-35B272DE8FF7}.Debug|Any CPU.Build.0 = Debug|Any CPU
		{4099BBE9-E18B-43E5-8F03-35B272DE8FF7}.Release|Any CPU.ActiveCfg = Release|Any CPU
		{4099BBE9-E18B-43E5-8F03-35B272DE8FF7}.Release|Any CPU.Build.0 = Release|Any CPU
	EndGlobalSection
	GlobalSection(SolutionProperties) = preSolution
		HideSolutionNode = FALSE
	EndGlobalSection
	GlobalSection(ExtensibilityGlobals) = postSolution
		SolutionGuid = {6F22E753-53E3-4D54-8076-0439B39DD18E}
	EndGlobalSection
EndGlobal
