
Microsoft Visual Studio Solution File, Format Version 12.00
# Visual Studio Version 16
VisualStudioVersion = 16.0.31019.35
MinimumVisualStudioVersion = 10.0.40219.1
Project("{FAE04EC0-301F-11D3-BF4B-00C04F79EFBC}") = "Product Inventory", "Product Inventory.csproj", "{F672B358-9006-4CE8-8FFC-11BC58029C9C}"
EndProject
Global
	GlobalSection(SolutionConfigurationPlatforms) = preSolution
		Debug|Any CPU = Debug|Any CPU
		Release|Any CPU = Release|Any CPU
	EndGlobalSection
	GlobalSection(ProjectConfigurationPlatforms) = postSolution
		{F672B358-9006-4CE8-8FFC-11BC58029C9C}.Debug|Any CPU.ActiveCfg = Debug|Any CPU
		{F672B358-9006-4CE8-8FFC-11BC58029C9C}.Debug|Any CPU.Build.0 = Debug|Any CPU
		{F672B358-9006-4CE8-8FFC-11BC58029C9C}.Release|Any CPU.ActiveCfg = Release|Any CPU
		{F672B358-9006-4CE8-8FFC-11BC58029C9C}.Release|Any CPU.Build.0 = Release|Any CPU
	EndGlobalSection
	GlobalSection(SolutionProperties) = preSolution
		HideSolutionNode = FALSE
	EndGlobalSection
	GlobalSection(ExtensibilityGlobals) = postSolution
		SolutionGuid = {4BA1EF18-8AF5-4133-B63B-96AF1C935C9F}
	EndGlobalSection
EndGlobal
