
Microsoft Visual Studio Solution File, Format Version 12.00
# Visual Studio Version 16
VisualStudioVersion = 16.0.31019.35
MinimumVisualStudioVersion = 10.0.40219.1
Project("{FAE04EC0-301F-11D3-BF4B-00C04F79EFBC}") = "Company Manager", "Company Manager.csproj", "{57A5B3AA-7FCE-40B4-96AF-825076695026}"
EndProject
Global
	GlobalSection(SolutionConfigurationPlatforms) = preSolution
		Debug|Any CPU = Debug|Any CPU
		Release|Any CPU = Release|Any CPU
	EndGlobalSection
	GlobalSection(ProjectConfigurationPlatforms) = postSolution
		{57A5B3AA-7FCE-40B4-96AF-825076695026}.Debug|Any CPU.ActiveCfg = Debug|Any CPU
		{57A5B3AA-7FCE-40B4-96AF-825076695026}.Debug|Any CPU.Build.0 = Debug|Any CPU
		{57A5B3AA-7FCE-40B4-96AF-825076695026}.Release|Any CPU.ActiveCfg = Release|Any CPU
		{57A5B3AA-7FCE-40B4-96AF-825076695026}.Release|Any CPU.Build.0 = Release|Any CPU
	EndGlobalSection
	GlobalSection(SolutionProperties) = preSolution
		HideSolutionNode = FALSE
	EndGlobalSection
	GlobalSection(ExtensibilityGlobals) = postSolution
		SolutionGuid = {B0286176-A5BB-4341-9638-721A21B4F25F}
	EndGlobalSection
EndGlobal
